{
  "name": "simple-kd-tree",
  "version": "1.0.0",
  "lockfileVersion": 2,
  "requires": true,
  "packages": {
    "": {
      "name": "simple-kd-tree",
      "version": "1.0.0",
      "license": "ISC",
      "dependencies": {
        "simple-kd-tree": "^1.0.0"
      }
    },
    "node_modules/simple-kd-tree": {
      "version": "1.0.0",
      "resolved": "https://registry.npmjs.org/simple-kd-tree/-/simple-kd-tree-1.0.0.tgz",
      "integrity": "sha512-Heb3UfGnqUS5Y8rdkfO5NIbTiGntsKWR3d11vScgF0UTLx0mkcmAwPGxvMPJ3dU4Jjkj3Ymj/hrFNWCqSgiRIw=="
    }
  },
  "dependencies": {
    "simple-kd-tree": {
      "version": "1.0.0",
      "resolved": "https://registry.npmjs.org/simple-kd-tree/-/simple-kd-tree-1.0.0.tgz",
      "integrity": "sha512-Heb3UfGnqUS5Y8rdkfO5NIbTiGntsKWR3d11vScgF0UTLx0mkcmAwPGxvMPJ3dU4Jjkj3Ymj/hrFNWCqSgiRIw=="
    }
  }
}
